
Microsoft Visual Studio Solution File, Format Version 12.00
# Visual Studio Version 17
VisualStudioVersion = 17.0.32014.148
MinimumVisualStudioVersion = 10.0.40219.1
Project("{FAE04EC0-301F-11D3-BF4B-00C04F79EFBC}") = "NetCoreBasicIdentity", "NetCoreBasicIdentity\NetCoreBasicIdentity.csproj", "{CA03E542-3D2B-4DF4-9E71-90AE63B03348}"
EndProject
Global
	GlobalSection(SolutionConfigurationPlatforms) = preSolution
		Debug|Any CPU = Debug|Any CPU
		Release|Any CPU = Release|Any CPU
	EndGlobalSection
	GlobalSection(ProjectConfigurationPlatforms) = postSolution
		{CA03E542-3D2B-4DF4-9E71-90AE63B03348}.Debug|Any CPU.ActiveCfg = Debug|Any CPU
		{CA03E542-3D2B-4DF4-9E71-90AE63B03348}.Debug|Any CPU.Build.0 = Debug|Any CPU
		{CA03E542-3D2B-4DF4-9E71-90AE63B03348}.Release|Any CPU.ActiveCfg = Release|Any CPU
		{CA03E542-3D2B-4DF4-9E71-90AE63B03348}.Release|Any CPU.Build.0 = Release|Any CPU
	EndGlobalSection
	GlobalSection(SolutionProperties) = preSolution
		HideSolutionNode = FALSE
	EndGlobalSection
	GlobalSection(ExtensibilityGlobals) = postSolution
		SolutionGuid = {555CE602-FB49-48E7-8713-50C7D54300D0}
	EndGlobalSection
EndGlobal
